// !$*UTF8*$!
{
	archiveVersion = 1;
	classes = {
	};
	objectVersion = 50;
	objects = {

/* Begin PBXBuildFile section */
		1224E20D70871AF01CC81213 /* Pods_flowerRecognitionCoreML.framework in Frameworks */ = {isa = PBXBuildFile; fileRef = 44E6A5355CEDB16C869D033B /* Pods_flowerRecognitionCoreML.framework */; };
		C537947821492BF000296498 /* AppDelegate.swift in Sources */ = {isa = PBXBuildFile; fileRef = C537947721492BF000296498 /* AppDelegate.swift */; };
		C537947A21492BF000296498 /* ViewController.swift in Sources */ = {isa = PBXBuildFile; fileRef = C537947921492BF000296498 /* ViewController.swift */; };
		C537947D21492BF000296498 /* Main.storyboard in Resources */ = {isa = PBXBuildFile; fileRef = C537947B21492BF000296498 /* Main.storyboard */; };
		C537947F21492BF200296498 /* Assets.xcassets in Resources */ = {isa = PBXBuildFile; fileRef = C537947E21492BF200296498 /* Assets.xcassets */; };
		C537948221492BF200296498 /* LaunchScreen.storyboard in Resources */ = {isa = PBXBuildFile; fileRef = C537948021492BF200296498 /* LaunchScreen.storyboard */; };
		C537948C2149421500296498 /* FlowerClassifier.mlmodel in Sources */ = {isa = PBXBuildFile; fileRef = C537948B2149421500296498 /* FlowerClassifier.mlmodel */; };
/* End PBXBuildFile section */

/* Begin PBXFileReference section */
		43E94130A6D2D7D1DE7069DE /* Pods-flowerRecognitionCoreML.release.xcconfig */ = {isa = PBXFileReference; includeInIndex = 1; lastKnownFileType = text.xcconfig; name = "Pods-flowerRecognitionCoreML.release.xcconfig"; path = "Pods/Target Support Files/Pods-flowerRecognitionCoreML/Pods-flowerRecognitionCoreML.release.xcconfig"; sourceTree = "<group>"; };
		44E6A5355CEDB16C869D033B /* Pods_flowerRecognitionCoreML.framework */ = {isa = PBXFileReference; explicitFileType = wrapper.framework; includeInIndex = 0; path = Pods_flowerRecognitionCoreML.framework; sourceTree = BUILT_PRODUCTS_DIR; };
		C043822F54A69124FB27CBF9 /* Pods-flowerRecognitionCoreML.debug.xcconfig */ = {isa = PBXFileReference; includeInIndex = 1; lastKnownFileType = text.xcconfig; name = "Pods-flowerRecognitionCoreML.debug.xcconfig"; path = "Pods/Target Support Files/Pods-flowerRecognitionCoreML/Pods-flowerRecognitionCoreML.debug.xcconfig"; sourceTree = "<group>"; };
		C537947421492BF000296498 /* flowerRecognitionCoreML.app */ = {isa = PBXFileReference; explicitFileType = wrapper.application; includeInIndex = 0; path = flowerRecognitionCoreML.app; sourceTree = BUILT_PRODUCTS_DIR; };
		C537947721492BF000296498 /* AppDelegate.swift */ = {isa = PBXFileReference; lastKnownFileType = sourcecode.swift; path = AppDelegate.swift; sourceTree = "<group>"; };
		C537947921492BF000296498 /* ViewController.swift */ = {isa = PBXFileReference; lastKnownFileType = sourcecode.swift; path = ViewController.swift; sourceTree = "<group>"; };
		C537947C21492BF000296498 /* Base */ = {isa = PBXFileReference; lastKnownFileType = file.storyboard; name = Base; path = Base.lproj/Main.storyboard; sourceTree = "<group>"; };
		C537947E21492BF200296498 /* Assets.xcassets */ = {isa = PBXFileReference; lastKnownFileType = folder.assetcatalog; path = Assets.xcassets; sourceTree = "<group>"; };
		C537948121492BF200296498 /* Base */ = {isa = PBXFileReference; lastKnownFileType = file.storyboard; name = Base; path = Base.lproj/LaunchScreen.storyboard; sourceTree = "<group>"; };
		C537948321492BF200296498 /* Info.plist */ = {isa = PBXFileReference; lastKnownFileType = text.plist.xml; path = Info.plist; sourceTree = "<group>"; };
		C537948B2149421500296498 /* FlowerClassifier.mlmodel */ = {isa = PBXFileReference; lastKnownFileType = file.mlmodel; path = FlowerClassifier.mlmodel; sourceTree = "<group>"; };
/* End PBXFileReference section */

/* Begin PBXFrameworksBuildPhase section */
		C537947121492BF000296498 /* Frameworks */ = {
			isa = PBXFrameworksBuildPhase;
			buildActionMask = 2147483647;
			files = (
				1224E20D70871AF01CC81213 /* Pods_flowerRecognitionCoreML.framework in Frameworks */,
			);
			runOnlyForDeploymentPostprocessing = 0;
		};
/* End PBXFrameworksBuildPhase section */

/* Begin PBXGroup section */
		20CFB0EA3C42A9A072294E29 /* Frameworks */ = {
			isa = PBXGroup;
			children = (
				44E6A5355CEDB16C869D033B /* Pods_flowerRecognitionCoreML.framework */,
			);
			name = Frameworks;
			sourceTree = "<group>";
		};
		C537946B21492BF000296498 = {
			isa = PBXGroup;
			children = (
				C537947621492BF000296498 /* flowerRecognitionCoreML */,
				C537947521492BF000296498 /* Products */,
				CC727DE8CE58F8A8445B938F /* Pods */,
				20CFB0EA3C42A9A072294E29 /* Frameworks */,
			);
			sourceTree = "<group>";
		};
		C537947521492BF000296498 /* Products */ = {
			isa = PBXGroup;
			children = (
				C537947421492BF000296498 /* flowerRecognitionCoreML.app */,
			);
			name = Products;
			sourceTree = "<group>";
		};
		C537947621492BF000296498 /* flowerRecognitionCoreML */ = {
			isa = PBXGroup;
			children = (
				C537948B2149421500296498 /* FlowerClassifier.mlmodel */,
				C537947721492BF000296498 /* AppDelegate.swift */,
				C537947921492BF000296498 /* ViewController.swift */,
				C537947B21492BF000296498 /* Main.storyboard */,
				C537947E21492BF200296498 /* Assets.xcassets */,
				C537948021492BF200296498 /* LaunchScreen.storyboard */,
				C537948321492BF200296498 /* Info.plist */,
			);
			path = flowerRecognitionCoreML;
			sourceTree = "<group>";
		};
		CC727DE8CE58F8A8445B938F /* Pods */ = {
			isa = PBXGroup;
			children = (
				C043822F54A69124FB27CBF9 /* Pods-flowerRecognitionCoreML.debug.xcconfig */,
				43E94130A6D2D7D1DE7069DE /* Pods-flowerRecognitionCoreML.release.xcconfig */,
			);
			name = Pods;
			sourceTree = "<group>";
		};
/* End PBXGroup section */

/* Begin PBXNativeTarget section */
		C537947321492BF000296498 /* flowerRecognitionCoreML */ = {
			isa = PBXNativeTarget;
			buildConfigurationList = C537948621492BF200296498 /* Build configuration list for PBXNativeTarget "flowerRecognitionCoreML" */;
			buildPhases = (
				BC09D505B2656BD3C7E460C3 /* [CP] Check Pods Manifest.lock */,
				C537947021492BF000296498 /* Sources */,
				C537947121492BF000296498 /* Frameworks */,
				C537947221492BF000296498 /* Resources */,
				AA3B8608D35A7779754A1C68 /* [CP] Embed Pods Frameworks */,
			);
			buildRules = (
			);
			dependencies = (
			);
			name = flowerRecognitionCoreML;
			productName = flowerRecognitionCoreML;
			productReference = C537947421492BF000296498 /* flowerRecognitionCoreML.app */;
			productType = "com.apple.product-type.application";
		};
/* End PBXNativeTarget section */

/* Begin PBXProject section */
		C537946C21492BF000296498 /* Project object */ = {
			isa = PBXProject;
			attributes = {
				LastSwiftUpdateCheck = 1000;
				LastUpgradeCheck = 1000;
				ORGANIZATIONNAME = "Marisha Deroubaix";
				TargetAttributes = {
					C537947321492BF000296498 = {
						CreatedOnToolsVersion = 10.0;
					};
				};
			};
			buildConfigurationList = C537946F21492BF000296498 /* Build configuration list for PBXProject "flowerRecognitionCoreML" */;
			compatibilityVersion = "Xcode 9.3";
			developmentRegion = en;
			hasScannedForEncodings = 0;
			knownRegions = (
				en,
				Base,
			);
			mainGroup = C537946B21492BF000296498;
			productRefGroup = C537947521492BF000296498 /* Products */;
			projectDirPath = "";
			projectRoot = "";
			targets = (
				C537947321492BF000296498 /* flowerRecognitionCoreML */,
			);
		};
/* End PBXProject section */

/* Begin PBXResourcesBuildPhase section */
		C537947221492BF000296498 /* Resources */ = {
			isa = PBXResourcesBuildPhase;
			buildActionMask = 2147483647;
			files = (
				C537948221492BF200296498 /* LaunchScreen.storyboard in Resources */,
				C537947F21492BF200296498 /* Assets.xcassets in Resources */,
				C537947D21492BF000296498 /* Main.storyboard in Resources */,
			);
			runOnlyForDeploymentPostprocessing = 0;
		};
/* End PBXResourcesBuildPhase section */

/* Begin PBXShellScriptBuildPhase section */
		AA3B8608D35A7779754A1C68 /* [CP] Embed Pods Frameworks */ = {
			isa = PBXShellScriptBuildPhase;
			buildActionMask = 2147483647;
			files = (
			);
			inputPaths = (
				"${SRCROOT}/Pods/Target Support Files/Pods-flowerRecognitionCoreML/Pods-flowerRecognitionCoreML-frameworks.sh",
				"${BUILT_PRODUCTS_DIR}/Alamofire/Alamofire.framework",
				"${BUILT_PRODUCTS_DIR}/SVProgressHUD/SVProgressHUD.framework",
				"${BUILT_PRODUCTS_DIR}/SwiftyJSON/SwiftyJSON.framework",
			);
			name = "[CP] Embed Pods Frameworks";
			outputPaths = (
				"${TARGET_BUILD_DIR}/${FRAMEWORKS_FOLDER_PATH}/Alamofire.framework",
				"${TARGET_BUILD_DIR}/${FRAMEWORKS_FOLDER_PATH}/SVProgressHUD.framework",
				"${TARGET_BUILD_DIR}/${FRAMEWORKS_FOLDER_PATH}/SwiftyJSON.framework",
			);
			runOnlyForDeploymentPostprocessing = 0;
			shellPath = /bin/sh;
			shellScript = "\"${SRCROOT}/Pods/Target Support Files/Pods-flowerRecognitionCoreML/Pods-flowerRecognitionCoreML-frameworks.sh\"\n";
			showEnvVarsInLog = 0;
		};
		BC09D505B2656BD3C7E460C3 /* [CP] Check Pods Manifest.lock */ = {
			isa = PBXShellScriptBuildPhase;
			buildActionMask = 2147483647;
			files = (
			);
			inputPaths = (
				"${PODS_PODFILE_DIR_PATH}/Podfile.lock",
				"${PODS_ROOT}/Manifest.lock",
			);
			name = "[CP] Check Pods Manifest.lock";
			outputPaths = (
				"$(DERIVED_FILE_DIR)/Pods-flowerRecognitionCoreML-checkManifestLockResult.txt",
			);
			runOnlyForDeploymentPostprocessing = 0;
			shellPath = /bin/sh;
			shellScript = "diff \"${PODS_PODFILE_DIR_PATH}/Podfile.lock\" \"${PODS_ROOT}/Manifest.lock\" > /dev/null\nif [ $? != 0 ] ; then\n    # print error to STDERR\n    echo \"error: The sandbox is not in sync with the Podfile.lock. Run 'pod install' or update your CocoaPods installation.\" >&2\n    exit 1\nfi\n# This output is used by Xcode 'outputs' to avoid re-running this script phase.\necho \"SUCCESS\" > \"${SCRIPT_OUTPUT_FILE_0}\"\n";
			showEnvVarsInLog = 0;
		};
/* End PBXShellScriptBuildPhase section */

/* Begin PBXSourcesBuildPhase section */
		C537947021492BF000296498 /* Sources */ = {
			isa = PBXSourcesBuildPhase;
			buildActionMask = 2147483647;
			files = (
				C537948C2149421500296498 /* FlowerClassifier.mlmodel in Sources */,
				C537947A21492BF000296498 /* ViewController.swift in Sources */,
				C537947821492BF000296498 /* AppDelegate.swift in Sources */,
			);
			runOnlyForDeploymentPostprocessing = 0;
		};
/* End PBXSourcesBuildPhase section */

/* Begin PBXVariantGroup section */
		C537947B21492BF000296498 /* Main.storyboard */ = {
			isa = PBXVariantGroup;
			children = (
				C537947C21492BF000296498 /* Base */,
			);
			name = Main.storyboard;
			sourceTree = "<group>";
		};
		C537948021492BF200296498 /* LaunchScreen.storyboard */ = {
			isa = PBXVariantGroup;
			children = (
				C537948121492BF200296498 /* Base */,
			);
			name = LaunchScreen.storyboard;
			sourceTree = "<group>";
		};
/* End PBXVariantGroup section */

/* Begin XCBuildConfiguration section */
		C537948421492BF200296498 /* Debug */ = {
			isa = XCBuildConfiguration;
			buildSettings = {
				ALWAYS_SEARCH_USER_PATHS = NO;
				CLANG_ANALYZER_NONNULL = YES;
				CLANG_ANALYZER_NUMBER_OBJECT_CONVERSION = YES_AGGRESSIVE;
				CLANG_CXX_LANGUAGE_STANDARD = "gnu++14";
				CLANG_CXX_LIBRARY = "libc++";
				CLANG_ENABLE_MODULES = YES;
				CLANG_ENABLE_OBJC_ARC = YES;
				CLANG_ENABLE_OBJC_WEAK = YES;
				CLANG_WARN_BLOCK_CAPTURE_AUTORELEASING = YES;
				CLANG_WARN_BOOL_CONVERSION = YES;
				CLANG_WARN_COMMA = YES;
				CLANG_WARN_CONSTANT_CONVERSION = YES;
				CLANG_WARN_DEPRECATED_OBJC_IMPLEMENTATIONS = YES;
				CLANG_WARN_DIRECT_OBJC_ISA_USAGE = YES_ERROR;
				CLANG_WARN_DOCUMENTATION_COMMENTS = YES;
				CLANG_WARN_EMPTY_BODY = YES;
				CLANG_WARN_ENUM_CONVERSION = YES;
				CLANG_WARN_INFINITE_RECURSION = YES;
				CLANG_WARN_INT_CONVERSION = YES;
				CLANG_WARN_NON_LITERAL_NULL_CONVERSION = YES;
				CLANG_WARN_OBJC_IMPLICIT_RETAIN_SELF = YES;
				CLANG_WARN_OBJC_LITERAL_CONVERSION = YES;
				CLANG_WARN_OBJC_ROOT_CLASS = YES_ERROR;
				CLANG_WARN_RANGE_LOOP_ANALYSIS = YES;
				CLANG_WARN_STRICT_PROTOTYPES = YES;
				CLANG_WARN_SUSPICIOUS_MOVE = YES;
				CLANG_WARN_UNGUARDED_AVAILABILITY = YES_AGGRESSIVE;
				CLANG_WARN_UNREACHABLE_CODE = YES;
				CLANG_WARN__DUPLICATE_METHOD_MATCH = YES;
				CODE_SIGN_IDENTITY = "iPhone Developer";
				COPY_PHASE_STRIP = NO;
				DEBUG_INFORMATION_FORMAT = dwarf;
				ENABLE_STRICT_OBJC_MSGSEND = YES;
				ENABLE_TESTABILITY = YES;
				GCC_C_LANGUAGE_STANDARD = gnu11;
				GCC_DYNAMIC_NO_PIC = NO;
				GCC_NO_COMMON_BLOCKS = YES;
				GCC_OPTIMIZATION_LEVEL = 0;
				GCC_PREPROCESSOR_DEFINITIONS = (
					"DEBUG=1",
					"$(inherited)",
				);
				GCC_WARN_64_TO_32_BIT_CONVERSION = YES;
				GCC_WARN_ABOUT_RETURN_TYPE = YES_ERROR;
				GCC_WARN_UNDECLARED_SELECTOR = YES;
				GCC_WARN_UNINITIALIZED_AUTOS = YES_AGGRESSIVE;
				GCC_WARN_UNUSED_FUNCTION = YES;
				GCC_WARN_UNUSED_VARIABLE = YES;
				IPHONEOS_DEPLOYMENT_TARGET = 12.0;
				MTL_ENABLE_DEBUG_INFO = INCLUDE_SOURCE;
				MTL_FAST_MATH = YES;
				ONLY_ACTIVE_ARCH = YES;
				SDKROOT = iphoneos;
				SWIFT_ACTIVE_COMPILATION_CONDITIONS = DEBUG;
				SWIFT_OPTIMIZATION_LEVEL = "-Onone";
			};
			name = Debug;
		};
		C537948521492BF200296498 /* Release */ = {
			isa = XCBuildConfiguration;
			buildSettings = {
				ALWAYS_SEARCH_USER_PATHS = NO;
				CLANG_ANALYZER_NONNULL = YES;
				CLANG_ANALYZER_NUMBER_OBJECT_CONVERSION = YES_AGGRESSIVE;
				CLANG_CXX_LANGUAGE_STANDARD = "gnu++14";
				CLANG_CXX_LIBRARY = "libc++";
				CLANG_ENABLE_MODULES = YES;
				CLANG_ENABLE_OBJC_ARC = YES;
				CLANG_ENABLE_OBJC_WEAK = YES;
				CLANG_WARN_BLOCK_CAPTURE_AUTORELEASING = YES;
				CLANG_WARN_BOOL_CONVERSION = YES;
				CLANG_WARN_COMMA = YES;
				CLANG_WARN_CONSTANT_CONVERSION = YES;
				CLANG_WARN_DEPRECATED_OBJC_IMPLEMENTATIONS = YES;
				CLANG_WARN_DIRECT_OBJC_ISA_USAGE = YES_ERROR;
				CLANG_WARN_DOCUMENTATION_COMMENTS = YES;
				CLANG_WARN_EMPTY_BODY = YES;
				CLANG_WARN_ENUM_CONVERSION = YES;
				CLANG_WARN_INFINITE_RECURSION = YES;
				CLANG_WARN_INT_CONVERSION = YES;
				CLANG_WARN_NON_LITERAL_NULL_CONVERSION = YES;
				CLANG_WARN_OBJC_IMPLICIT_RETAIN_SELF = YES;
				CLANG_WARN_OBJC_LITERAL_CONVERSION = YES;
				CLANG_WARN_OBJC_ROOT_CLASS = YES_ERROR;
				CLANG_WARN_RANGE_LOOP_ANALYSIS = YES;
				CLANG_WARN_STRICT_PROTOTYPES = YES;
				CLANG_WARN_SUSPICIOUS_MOVE = YES;
				CLANG_WARN_UNGUARDED_AVAILABILITY = YES_AGGRESSIVE;
				CLANG_WARN_UNREACHABLE_CODE = YES;
				CLANG_WARN__DUPLICATE_METHOD_MATCH = YES;
				CODE_SIGN_IDENTITY = "iPhone Developer";
				COPY_PHASE_STRIP = NO;
				DEBUG_INFORMATION_FORMAT = "dwarf-with-dsym";
				ENABLE_NS_ASSERTIONS = NO;
				ENABLE_STRICT_OBJC_MSGSEND = YES;
				GCC_C_LANGUAGE_STANDARD = gnu11;
				GCC_NO_COMMON_BLOCKS = YES;
				GCC_WARN_64_TO_32_BIT_CONVERSION = YES;
				GCC_WARN_ABOUT_RETURN_TYPE = YES_ERROR;
				GCC_WARN_UNDECLARED_SELECTOR = YES;
				GCC_WARN_UNINITIALIZED_AUTOS = YES_AGGRESSIVE;
				GCC_WARN_UNUSED_FUNCTION = YES;
				GCC_WARN_UNUSED_VARIABLE = YES;
				IPHONEOS_DEPLOYMENT_TARGET = 12.0;
				MTL_ENABLE_DEBUG_INFO = NO;
				MTL_FAST_MATH = YES;
				SDKROOT = iphoneos;
				SWIFT_COMPILATION_MODE = wholemodule;
				SWIFT_OPTIMIZATION_LEVEL = "-O";
				VALIDATE_PRODUCT = YES;
			};
			name = Release;
		};
		C537948721492BF200296498 /* Debug */ = {
			isa = XCBuildConfiguration;
			baseConfigurationReference = C043822F54A69124FB27CBF9 /* Pods-flowerRecognitionCoreML.debug.xcconfig */;
			buildSettings = {
				ASSETCATALOG_COMPILER_APPICON_NAME = AppIcon;
				CODE_SIGN_STYLE = Automatic;
				DEVELOPMENT_TEAM = PC6LC4JT7J;
				INFOPLIST_FILE = flowerRecognitionCoreML/Info.plist;
				LD_RUNPATH_SEARCH_PATHS = (
					"$(inherited)",
					"@executable_path/Frameworks",
				);
				PRODUCT_BUNDLE_IDENTIFIER = com.deroubaix.flowerRecognitionCoreML;
				PRODUCT_NAME = "$(TARGET_NAME)";
				SWIFT_VERSION = 4.2;
				TARGETED_DEVICE_FAMILY = "1,2";
			};
			name = Debug;
		};
		C537948821492BF200296498 /* Release */ = {
			isa = XCBuildConfiguration;
			baseConfigurationReference = 43E94130A6D2D7D1DE7069DE /* Pods-flowerRecognitionCoreML.release.xcconfig */;
			buildSettings = {
				ASSETCATALOG_COMPILER_APPICON_NAME = AppIcon;
				CODE_SIGN_STYLE = Automatic;
				DEVELOPMENT_TEAM = PC6LC4JT7J;
				INFOPLIST_FILE = flowerRecognitionCoreML/Info.plist;
				LD_RUNPATH_SEARCH_PATHS = (
					"$(inherited)",
					"@executable_path/Frameworks",
				);
				PRODUCT_BUNDLE_IDENTIFIER = com.deroubaix.flowerRecognitionCoreML;
				PRODUCT_NAME = "$(TARGET_NAME)";
				SWIFT_VERSION = 4.2;
				TARGETED_DEVICE_FAMILY = "1,2";
			};
			name = Release;
		};
/* End XCBuildConfiguration section */

/* Begin XCConfigurationList section */
		C537946F21492BF000296498 /* Build configuration list for PBXProject "flowerRecognitionCoreML" */ = {
			isa = XCConfigurationList;
			buildConfigurations = (
				C537948421492BF200296498 /* Debug */,
				C537948521492BF200296498 /* Release */,
			);
			defaultConfigurationIsVisible = 0;
			defaultConfigurationName = Release;
		};
		C537948621492BF200296498 /* Build configuration list for PBXNativeTarget "flowerRecognitionCoreML" */ = {
			isa = XCConfigurationList;
			buildConfigurations = (
				C537948721492BF200296498 /* Debug */,
				C537948821492BF200296498 /* Release */,
			);
			defaultConfigurationIsVisible = 0;
			defaultConfigurationName = Release;
		};
/* End XCConfigurationList section */
	};
	rootObject = C537946C21492BF000296498 /* Project object */;
}
